
Microsoft Visual Studio Solution File, Format Version 12.00
# Visual Studio Version 17
VisualStudioVersion = 17.10.35027.167
MinimumVisualStudioVersion = 10.0.40219.1
Project("{FAE04EC0-301F-11D3-BF4B-00C04F79EFBC}") = "Weather_6620", "Weather_6620\Weather_6620.csproj", "{315A9D39-9156-495D-BDB2-204B916AEDE2}"
EndProject
Project("{FAE04EC0-301F-11D3-BF4B-00C04F79EFBC}") = "APIGateway", "APIGateway\APIGateway.csproj", "{28E01FB4-5321-4506-B855-51A911A3C727}"
EndProject
Global
	GlobalSection(SolutionConfigurationPlatforms) = preSolution
		Debug|Any CPU = Debug|Any CPU
		Release|Any CPU = Release|Any CPU
	EndGlobalSection
	GlobalSection(ProjectConfigurationPlatforms) = postSolution
		{315A9D39-9156-495D-BDB2-204B916AEDE2}.Debug|Any CPU.ActiveCfg = Debug|Any CPU
		{315A9D39-9156-495D-BDB2-204B916AEDE2}.Debug|Any CPU.Build.0 = Debug|Any CPU
		{315A9D39-9156-495D-BDB2-204B916AEDE2}.Release|Any CPU.ActiveCfg = Release|Any CPU
		{315A9D39-9156-495D-BDB2-204B916AEDE2}.Release|Any CPU.Build.0 = Release|Any CPU
		{28E01FB4-5321-4506-B855-51A911A3C727}.Debug|Any CPU.ActiveCfg = Debug|Any CPU
		{28E01FB4-5321-4506-B855-51A911A3C727}.Debug|Any CPU.Build.0 = Debug|Any CPU
		{28E01FB4-5321-4506-B855-51A911A3C727}.Release|Any CPU.ActiveCfg = Release|Any CPU
		{28E01FB4-5321-4506-B855-51A911A3C727}.Release|Any CPU.Build.0 = Release|Any CPU
	EndGlobalSection
	GlobalSection(SolutionProperties) = preSolution
		HideSolutionNode = FALSE
	EndGlobalSection
	GlobalSection(ExtensibilityGlobals) = postSolution
		SolutionGuid = {39B82BE7-4BC9-4334-8834-85A6633BD7B1}
	EndGlobalSection
EndGlobal
