
Microsoft Visual Studio Solution File, Format Version 12.00
# Visual Studio Version 17
VisualStudioVersion = 17.10.35027.167
MinimumVisualStudioVersion = 10.0.40219.1
Project("{FAE04EC0-301F-11D3-BF4B-00C04F79EFBC}") = "USER", "USER\USER.csproj", "{216E77CA-7DE5-4700-9E56-813C99AE31E0}"
EndProject
Global
	GlobalSection(SolutionConfigurationPlatforms) = preSolution
		Debug|Any CPU = Debug|Any CPU
		Release|Any CPU = Release|Any CPU
	EndGlobalSection
	GlobalSection(ProjectConfigurationPlatforms) = postSolution
		{216E77CA-7DE5-4700-9E56-813C99AE31E0}.Debug|Any CPU.ActiveCfg = Debug|Any CPU
		{216E77CA-7DE5-4700-9E56-813C99AE31E0}.Debug|Any CPU.Build.0 = Debug|Any CPU
		{216E77CA-7DE5-4700-9E56-813C99AE31E0}.Release|Any CPU.ActiveCfg = Release|Any CPU
		{216E77CA-7DE5-4700-9E56-813C99AE31E0}.Release|Any CPU.Build.0 = Release|Any CPU
	EndGlobalSection
	GlobalSection(SolutionProperties) = preSolution
		HideSolutionNode = FALSE
	EndGlobalSection
	GlobalSection(ExtensibilityGlobals) = postSolution
		SolutionGuid = {CE35A7A3-52EF-4822-96D4-66611179A911}
	EndGlobalSection
EndGlobal
